// !$*UTF8*$!
{
	archiveVersion = 1;
	classes = {
	};
	objectVersion = 50;
	objects = {

/* Begin PBXBuildFile section */
		999085B42660850B002B3CCB /* QuotesViewController.swift in Sources */ = {isa = PBXBuildFile; fileRef = 999085B32660850B002B3CCB /* QuotesViewController.swift */; };
		999085B62660852E002B3CCB /* SettingsViewController.swift in Sources */ = {isa = PBXBuildFile; fileRef = 999085B52660852E002B3CCB /* SettingsViewController.swift */; };
		999085BA26609323002B3CCB /* Quote.swift in Sources */ = {isa = PBXBuildFile; fileRef = 999085B926609323002B3CCB /* Quote.swift */; };
		999085BC26609371002B3CCB /* QuotesManager.swift in Sources */ = {isa = PBXBuildFile; fileRef = 999085BB26609371002B3CCB /* QuotesManager.swift */; };
		999085BF26609449002B3CCB /* Configuration.swift in Sources */ = {isa = PBXBuildFile; fileRef = 999085BE26609449002B3CCB /* Configuration.swift */; };
		9991266126604C4000B36C75 /* AppDelegate.swift in Sources */ = {isa = PBXBuildFile; fileRef = 9991266026604C4000B36C75 /* AppDelegate.swift */; };
		9991266326604C4000B36C75 /* SceneDelegate.swift in Sources */ = {isa = PBXBuildFile; fileRef = 9991266226604C4000B36C75 /* SceneDelegate.swift */; };
		9991266826604C4000B36C75 /* Main.storyboard in Resources */ = {isa = PBXBuildFile; fileRef = 9991266626604C4000B36C75 /* Main.storyboard */; };
		9991266A26604C4200B36C75 /* Assets.xcassets in Resources */ = {isa = PBXBuildFile; fileRef = 9991266926604C4200B36C75 /* Assets.xcassets */; };
		9991266D26604C4200B36C75 /* LaunchScreen.storyboard in Resources */ = {isa = PBXBuildFile; fileRef = 9991266B26604C4200B36C75 /* LaunchScreen.storyboard */; };
		9991267826604C4300B36C75 /* Swift_PensamentosTests.swift in Sources */ = {isa = PBXBuildFile; fileRef = 9991267726604C4300B36C75 /* Swift_PensamentosTests.swift */; };
		9991268326604C4300B36C75 /* Swift_PensamentosUITests.swift in Sources */ = {isa = PBXBuildFile; fileRef = 9991268226604C4300B36C75 /* Swift_PensamentosUITests.swift */; };
		999126912660505F00B36C75 /* README.md in Resources */ = {isa = PBXBuildFile; fileRef = 999126902660505F00B36C75 /* README.md */; };
/* End PBXBuildFile section */

/* Begin PBXContainerItemProxy section */
		9991267426604C4300B36C75 /* PBXContainerItemProxy */ = {
			isa = PBXContainerItemProxy;
			containerPortal = 9991265526604C4000B36C75 /* Project object */;
			proxyType = 1;
			remoteGlobalIDString = 9991265C26604C4000B36C75;
			remoteInfo = Swift_Pensamentos;
		};
		9991267F26604C4300B36C75 /* PBXContainerItemProxy */ = {
			isa = PBXContainerItemProxy;
			containerPortal = 9991265526604C4000B36C75 /* Project object */;
			proxyType = 1;
			remoteGlobalIDString = 9991265C26604C4000B36C75;
			remoteInfo = Swift_Pensamentos;
		};
/* End PBXContainerItemProxy section */

/* Begin PBXFileReference section */
		999085B32660850B002B3CCB /* QuotesViewController.swift */ = {isa = PBXFileReference; lastKnownFileType = sourcecode.swift; path = QuotesViewController.swift; sourceTree = "<group>"; };
		999085B52660852E002B3CCB /* SettingsViewController.swift */ = {isa = PBXFileReference; lastKnownFileType = sourcecode.swift; path = SettingsViewController.swift; sourceTree = "<group>"; };
		999085B926609323002B3CCB /* Quote.swift */ = {isa = PBXFileReference; lastKnownFileType = sourcecode.swift; path = Quote.swift; sourceTree = "<group>"; };
		999085BB26609371002B3CCB /* QuotesManager.swift */ = {isa = PBXFileReference; lastKnownFileType = sourcecode.swift; path = QuotesManager.swift; sourceTree = "<group>"; };
		999085BE26609449002B3CCB /* Configuration.swift */ = {isa = PBXFileReference; lastKnownFileType = sourcecode.swift; path = Configuration.swift; sourceTree = "<group>"; };
		9991265D26604C4000B36C75 /* Swift_Pensamentos.app */ = {isa = PBXFileReference; explicitFileType = wrapper.application; includeInIndex = 0; path = Swift_Pensamentos.app; sourceTree = BUILT_PRODUCTS_DIR; };
		9991266026604C4000B36C75 /* AppDelegate.swift */ = {isa = PBXFileReference; lastKnownFileType = sourcecode.swift; path = AppDelegate.swift; sourceTree = "<group>"; };
		9991266226604C4000B36C75 /* SceneDelegate.swift */ = {isa = PBXFileReference; lastKnownFileType = sourcecode.swift; path = SceneDelegate.swift; sourceTree = "<group>"; };
		9991266726604C4000B36C75 /* Base */ = {isa = PBXFileReference; lastKnownFileType = file.storyboard; name = Base; path = Base.lproj/Main.storyboard; sourceTree = "<group>"; };
		9991266926604C4200B36C75 /* Assets.xcassets */ = {isa = PBXFileReference; lastKnownFileType = folder.assetcatalog; path = Assets.xcassets; sourceTree = "<group>"; };
		9991266C26604C4200B36C75 /* Base */ = {isa = PBXFileReference; lastKnownFileType = file.storyboard; name = Base; path = Base.lproj/LaunchScreen.storyboard; sourceTree = "<group>"; };
		9991266E26604C4200B36C75 /* Info.plist */ = {isa = PBXFileReference; lastKnownFileType = text.plist.xml; path = Info.plist; sourceTree = "<group>"; };
		9991267326604C4300B36C75 /* Swift_PensamentosTests.xctest */ = {isa = PBXFileReference; explicitFileType = wrapper.cfbundle; includeInIndex = 0; path = Swift_PensamentosTests.xctest; sourceTree = BUILT_PRODUCTS_DIR; };
		9991267726604C4300B36C75 /* Swift_PensamentosTests.swift */ = {isa = PBXFileReference; lastKnownFileType = sourcecode.swift; path = Swift_PensamentosTests.swift; sourceTree = "<group>"; };
		9991267926604C4300B36C75 /* Info.plist */ = {isa = PBXFileReference; lastKnownFileType = text.plist.xml; path = Info.plist; sourceTree = "<group>"; };
		9991267E26604C4300B36C75 /* Swift_PensamentosUITests.xctest */ = {isa = PBXFileReference; explicitFileType = wrapper.cfbundle; includeInIndex = 0; path = Swift_PensamentosUITests.xctest; sourceTree = BUILT_PRODUCTS_DIR; };
		9991268226604C4300B36C75 /* Swift_PensamentosUITests.swift */ = {isa = PBXFileReference; lastKnownFileType = sourcecode.swift; path = Swift_PensamentosUITests.swift; sourceTree = "<group>"; };
		9991268426604C4300B36C75 /* Info.plist */ = {isa = PBXFileReference; lastKnownFileType = text.plist.xml; path = Info.plist; sourceTree = "<group>"; };
		999126902660505F00B36C75 /* README.md */ = {isa = PBXFileReference; fileEncoding = 4; lastKnownFileType = net.daringfireball.markdown; path = README.md; sourceTree = SOURCE_ROOT; };
/* End PBXFileReference section */

/* Begin PBXFrameworksBuildPhase section */
		9991265A26604C4000B36C75 /* Frameworks */ = {
			isa = PBXFrameworksBuildPhase;
			buildActionMask = 2147483647;
			files = (
			);
			runOnlyForDeploymentPostprocessing = 0;
		};
		9991267026604C4300B36C75 /* Frameworks */ = {
			isa = PBXFrameworksBuildPhase;
			buildActionMask = 2147483647;
			files = (
			);
			runOnlyForDeploymentPostprocessing = 0;
		};
		9991267B26604C4300B36C75 /* Frameworks */ = {
			isa = PBXFrameworksBuildPhase;
			buildActionMask = 2147483647;
			files = (
			);
			runOnlyForDeploymentPostprocessing = 0;
		};
/* End PBXFrameworksBuildPhase section */

/* Begin PBXGroup section */
		999085B726608F03002B3CCB /* Controllers */ = {
			isa = PBXGroup;
			children = (
				999085B32660850B002B3CCB /* QuotesViewController.swift */,
				999085B52660852E002B3CCB /* SettingsViewController.swift */,
			);
			path = Controllers;
			sourceTree = "<group>";
		};
		999085B826608F32002B3CCB /* Views */ = {
			isa = PBXGroup;
			children = (
				9991266626604C4000B36C75 /* Main.storyboard */,
				9991266B26604C4200B36C75 /* LaunchScreen.storyboard */,
			);
			path = Views;
			sourceTree = "<group>";
		};
		999085BD2660937E002B3CCB /* Models */ = {
			isa = PBXGroup;
			children = (
				999085B926609323002B3CCB /* Quote.swift */,
				999085BB26609371002B3CCB /* QuotesManager.swift */,
				999085BE26609449002B3CCB /* Configuration.swift */,
			);
			path = Models;
			sourceTree = "<group>";
		};
		9991265426604C4000B36C75 = {
			isa = PBXGroup;
			children = (
				9991265F26604C4000B36C75 /* Swift_Pensamentos */,
				9991267626604C4300B36C75 /* Swift_PensamentosTests */,
				9991268126604C4300B36C75 /* Swift_PensamentosUITests */,
				9991265E26604C4000B36C75 /* Products */,
			);
			sourceTree = "<group>";
		};
		9991265E26604C4000B36C75 /* Products */ = {
			isa = PBXGroup;
			children = (
				9991265D26604C4000B36C75 /* Swift_Pensamentos.app */,
				9991267326604C4300B36C75 /* Swift_PensamentosTests.xctest */,
				9991267E26604C4300B36C75 /* Swift_PensamentosUITests.xctest */,
			);
			name = Products;
			sourceTree = "<group>";
		};
		9991265F26604C4000B36C75 /* Swift_Pensamentos */ = {
			isa = PBXGroup;
			children = (
				999126902660505F00B36C75 /* README.md */,
				9991266026604C4000B36C75 /* AppDelegate.swift */,
				9991266226604C4000B36C75 /* SceneDelegate.swift */,
				999085BD2660937E002B3CCB /* Models */,
				999085B826608F32002B3CCB /* Views */,
				999085B726608F03002B3CCB /* Controllers */,
				9991266926604C4200B36C75 /* Assets.xcassets */,
				9991266E26604C4200B36C75 /* Info.plist */,
			);
			path = Swift_Pensamentos;
			sourceTree = "<group>";
		};
		9991267626604C4300B36C75 /* Swift_PensamentosTests */ = {
			isa = PBXGroup;
			children = (
				9991267726604C4300B36C75 /* Swift_PensamentosTests.swift */,
				9991267926604C4300B36C75 /* Info.plist */,
			);
			path = Swift_PensamentosTests;
			sourceTree = "<group>";
		};
		9991268126604C4300B36C75 /* Swift_PensamentosUITests */ = {
			isa = PBXGroup;
			children = (
				9991268226604C4300B36C75 /* Swift_PensamentosUITests.swift */,
				9991268426604C4300B36C75 /* Info.plist */,
			);
			path = Swift_PensamentosUITests;
			sourceTree = "<group>";
		};
/* End PBXGroup section */

/* Begin PBXNativeTarget section */
		9991265C26604C4000B36C75 /* Swift_Pensamentos */ = {
			isa = PBXNativeTarget;
			buildConfigurationList = 9991268726604C4300B36C75 /* Build configuration list for PBXNativeTarget "Swift_Pensamentos" */;
			buildPhases = (
				9991265926604C4000B36C75 /* Sources */,
				9991265A26604C4000B36C75 /* Frameworks */,
				9991265B26604C4000B36C75 /* Resources */,
			);
			buildRules = (
			);
			dependencies = (
			);
			name = Swift_Pensamentos;
			productName = Swift_Pensamentos;
			productReference = 9991265D26604C4000B36C75 /* Swift_Pensamentos.app */;
			productType = "com.apple.product-type.application";
		};
		9991267226604C4300B36C75 /* Swift_PensamentosTests */ = {
			isa = PBXNativeTarget;
			buildConfigurationList = 9991268A26604C4300B36C75 /* Build configuration list for PBXNativeTarget "Swift_PensamentosTests" */;
			buildPhases = (
				9991266F26604C4300B36C75 /* Sources */,
				9991267026604C4300B36C75 /* Frameworks */,
				9991267126604C4300B36C75 /* Resources */,
			);
			buildRules = (
			);
			dependencies = (
				9991267526604C4300B36C75 /* PBXTargetDependency */,
			);
			name = Swift_PensamentosTests;
			productName = Swift_PensamentosTests;
			productReference = 9991267326604C4300B36C75 /* Swift_PensamentosTests.xctest */;
			productType = "com.apple.product-type.bundle.unit-test";
		};
		9991267D26604C4300B36C75 /* Swift_PensamentosUITests */ = {
			isa = PBXNativeTarget;
			buildConfigurationList = 9991268D26604C4300B36C75 /* Build configuration list for PBXNativeTarget "Swift_PensamentosUITests" */;
			buildPhases = (
				9991267A26604C4300B36C75 /* Sources */,
				9991267B26604C4300B36C75 /* Frameworks */,
				9991267C26604C4300B36C75 /* Resources */,
			);
			buildRules = (
			);
			dependencies = (
				9991268026604C4300B36C75 /* PBXTargetDependency */,
			);
			name = Swift_PensamentosUITests;
			productName = Swift_PensamentosUITests;
			productReference = 9991267E26604C4300B36C75 /* Swift_PensamentosUITests.xctest */;
			productType = "com.apple.product-type.bundle.ui-testing";
		};
/* End PBXNativeTarget section */

/* Begin PBXProject section */
		9991265526604C4000B36C75 /* Project object */ = {
			isa = PBXProject;
			attributes = {
				LastSwiftUpdateCheck = 1250;
				LastUpgradeCheck = 1250;
				TargetAttributes = {
					9991265C26604C4000B36C75 = {
						CreatedOnToolsVersion = 12.5;
					};
					9991267226604C4300B36C75 = {
						CreatedOnToolsVersion = 12.5;
						TestTargetID = 9991265C26604C4000B36C75;
					};
					9991267D26604C4300B36C75 = {
						CreatedOnToolsVersion = 12.5;
						TestTargetID = 9991265C26604C4000B36C75;
					};
				};
			};
			buildConfigurationList = 9991265826604C4000B36C75 /* Build configuration list for PBXProject "Swift_Pensamentos" */;
			compatibilityVersion = "Xcode 9.3";
			developmentRegion = en;
			hasScannedForEncodings = 0;
			knownRegions = (
				en,
				Base,
			);
			mainGroup = 9991265426604C4000B36C75;
			productRefGroup = 9991265E26604C4000B36C75 /* Products */;
			projectDirPath = "";
			projectRoot = "";
			targets = (
				9991265C26604C4000B36C75 /* Swift_Pensamentos */,
				9991267226604C4300B36C75 /* Swift_PensamentosTests */,
				9991267D26604C4300B36C75 /* Swift_PensamentosUITests */,
			);
		};
/* End PBXProject section */

/* Begin PBXResourcesBuildPhase section */
		9991265B26604C4000B36C75 /* Resources */ = {
			isa = PBXResourcesBuildPhase;
			buildActionMask = 2147483647;
			files = (
				9991266D26604C4200B36C75 /* LaunchScreen.storyboard in Resources */,
				9991266A26604C4200B36C75 /* Assets.xcassets in Resources */,
				999126912660505F00B36C75 /* README.md in Resources */,
				9991266826604C4000B36C75 /* Main.storyboard in Resources */,
			);
			runOnlyForDeploymentPostprocessing = 0;
		};
		9991267126604C4300B36C75 /* Resources */ = {
			isa = PBXResourcesBuildPhase;
			buildActionMask = 2147483647;
			files = (
			);
			runOnlyForDeploymentPostprocessing = 0;
		};
		9991267C26604C4300B36C75 /* Resources */ = {
			isa = PBXResourcesBuildPhase;
			buildActionMask = 2147483647;
			files = (
			);
			runOnlyForDeploymentPostprocessing = 0;
		};
/* End PBXResourcesBuildPhase section */

/* Begin PBXSourcesBuildPhase section */
		9991265926604C4000B36C75 /* Sources */ = {
			isa = PBXSourcesBuildPhase;
			buildActionMask = 2147483647;
			files = (
				999085B42660850B002B3CCB /* QuotesViewController.swift in Sources */,
				9991266126604C4000B36C75 /* AppDelegate.swift in Sources */,
				999085BF26609449002B3CCB /* Configuration.swift in Sources */,
				999085B62660852E002B3CCB /* SettingsViewController.swift in Sources */,
				999085BA26609323002B3CCB /* Quote.swift in Sources */,
				999085BC26609371002B3CCB /* QuotesManager.swift in Sources */,
				9991266326604C4000B36C75 /* SceneDelegate.swift in Sources */,
			);
			runOnlyForDeploymentPostprocessing = 0;
		};
		9991266F26604C4300B36C75 /* Sources */ = {
			isa = PBXSourcesBuildPhase;
			buildActionMask = 2147483647;
			files = (
				9991267826604C4300B36C75 /* Swift_PensamentosTests.swift in Sources */,
			);
			runOnlyForDeploymentPostprocessing = 0;
		};
		9991267A26604C4300B36C75 /* Sources */ = {
			isa = PBXSourcesBuildPhase;
			buildActionMask = 2147483647;
			files = (
				9991268326604C4300B36C75 /* Swift_PensamentosUITests.swift in Sources */,
			);
			runOnlyForDeploymentPostprocessing = 0;
		};
/* End PBXSourcesBuildPhase section */

/* Begin PBXTargetDependency section */
		9991267526604C4300B36C75 /* PBXTargetDependency */ = {
			isa = PBXTargetDependency;
			target = 9991265C26604C4000B36C75 /* Swift_Pensamentos */;
			targetProxy = 9991267426604C4300B36C75 /* PBXContainerItemProxy */;
		};
		9991268026604C4300B36C75 /* PBXTargetDependency */ = {
			isa = PBXTargetDependency;
			target = 9991265C26604C4000B36C75 /* Swift_Pensamentos */;
			targetProxy = 9991267F26604C4300B36C75 /* PBXContainerItemProxy */;
		};
/* End PBXTargetDependency section */

/* Begin PBXVariantGroup section */
		9991266626604C4000B36C75 /* Main.storyboard */ = {
			isa = PBXVariantGroup;
			children = (
				9991266726604C4000B36C75 /* Base */,
			);
			name = Main.storyboard;
			sourceTree = "<group>";
		};
		9991266B26604C4200B36C75 /* LaunchScreen.storyboard */ = {
			isa = PBXVariantGroup;
			children = (
				9991266C26604C4200B36C75 /* Base */,
			);
			name = LaunchScreen.storyboard;
			sourceTree = "<group>";
		};
/* End PBXVariantGroup section */

/* Begin XCBuildConfiguration section */
		9991268526604C4300B36C75 /* Debug */ = {
			isa = XCBuildConfiguration;
			buildSettings = {
				ALWAYS_SEARCH_USER_PATHS = NO;
				CLANG_ANALYZER_NONNULL = YES;
				CLANG_ANALYZER_NUMBER_OBJECT_CONVERSION = YES_AGGRESSIVE;
				CLANG_CXX_LANGUAGE_STANDARD = "gnu++14";
				CLANG_CXX_LIBRARY = "libc++";
				CLANG_ENABLE_MODULES = YES;
				CLANG_ENABLE_OBJC_ARC = YES;
				CLANG_ENABLE_OBJC_WEAK = YES;
				CLANG_WARN_BLOCK_CAPTURE_AUTORELEASING = YES;
				CLANG_WARN_BOOL_CONVERSION = YES;
				CLANG_WARN_COMMA = YES;
				CLANG_WARN_CONSTANT_CONVERSION = YES;
				CLANG_WARN_DEPRECATED_OBJC_IMPLEMENTATIONS = YES;
				CLANG_WARN_DIRECT_OBJC_ISA_USAGE = YES_ERROR;
				CLANG_WARN_DOCUMENTATION_COMMENTS = YES;
				CLANG_WARN_EMPTY_BODY = YES;
				CLANG_WARN_ENUM_CONVERSION = YES;
				CLANG_WARN_INFINITE_RECURSION = YES;
				CLANG_WARN_INT_CONVERSION = YES;
				CLANG_WARN_NON_LITERAL_NULL_CONVERSION = YES;
				CLANG_WARN_OBJC_IMPLICIT_RETAIN_SELF = YES;
				CLANG_WARN_OBJC_LITERAL_CONVERSION = YES;
				CLANG_WARN_OBJC_ROOT_CLASS = YES_ERROR;
				CLANG_WARN_QUOTED_INCLUDE_IN_FRAMEWORK_HEADER = YES;
				CLANG_WARN_RANGE_LOOP_ANALYSIS = YES;
				CLANG_WARN_STRICT_PROTOTYPES = YES;
				CLANG_WARN_SUSPICIOUS_MOVE = YES;
				CLANG_WARN_UNGUARDED_AVAILABILITY = YES_AGGRESSIVE;
				CLANG_WARN_UNREACHABLE_CODE = YES;
				CLANG_WARN__DUPLICATE_METHOD_MATCH = YES;
				COPY_PHASE_STRIP = NO;
				DEBUG_INFORMATION_FORMAT = dwarf;
				ENABLE_STRICT_OBJC_MSGSEND = YES;
				ENABLE_TESTABILITY = YES;
				GCC_C_LANGUAGE_STANDARD = gnu11;
				GCC_DYNAMIC_NO_PIC = NO;
				GCC_NO_COMMON_BLOCKS = YES;
				GCC_OPTIMIZATION_LEVEL = 0;
				GCC_PREPROCESSOR_DEFINITIONS = (
					"DEBUG=1",
					"$(inherited)",
				);
				GCC_WARN_64_TO_32_BIT_CONVERSION = YES;
				GCC_WARN_ABOUT_RETURN_TYPE = YES_ERROR;
				GCC_WARN_UNDECLARED_SELECTOR = YES;
				GCC_WARN_UNINITIALIZED_AUTOS = YES_AGGRESSIVE;
				GCC_WARN_UNUSED_FUNCTION = YES;
				GCC_WARN_UNUSED_VARIABLE = YES;
				IPHONEOS_DEPLOYMENT_TARGET = 14.5;
				MTL_ENABLE_DEBUG_INFO = INCLUDE_SOURCE;
				MTL_FAST_MATH = YES;
				ONLY_ACTIVE_ARCH = YES;
				SDKROOT = iphoneos;
				SWIFT_ACTIVE_COMPILATION_CONDITIONS = DEBUG;
				SWIFT_OPTIMIZATION_LEVEL = "-Onone";
			};
			name = Debug;
		};
		9991268626604C4300B36C75 /* Release */ = {
			isa = XCBuildConfiguration;
			buildSettings = {
				ALWAYS_SEARCH_USER_PATHS = NO;
				CLANG_ANALYZER_NONNULL = YES;
				CLANG_ANALYZER_NUMBER_OBJECT_CONVERSION = YES_AGGRESSIVE;
				CLANG_CXX_LANGUAGE_STANDARD = "gnu++14";
				CLANG_CXX_LIBRARY = "libc++";
				CLANG_ENABLE_MODULES = YES;
				CLANG_ENABLE_OBJC_ARC = YES;
				CLANG_ENABLE_OBJC_WEAK = YES;
				CLANG_WARN_BLOCK_CAPTURE_AUTORELEASING = YES;
				CLANG_WARN_BOOL_CONVERSION = YES;
				CLANG_WARN_COMMA = YES;
				CLANG_WARN_CONSTANT_CONVERSION = YES;
				CLANG_WARN_DEPRECATED_OBJC_IMPLEMENTATIONS = YES;
				CLANG_WARN_DIRECT_OBJC_ISA_USAGE = YES_ERROR;
				CLANG_WARN_DOCUMENTATION_COMMENTS = YES;
				CLANG_WARN_EMPTY_BODY = YES;
				CLANG_WARN_ENUM_CONVERSION = YES;
				CLANG_WARN_INFINITE_RECURSION = YES;
				CLANG_WARN_INT_CONVERSION = YES;
				CLANG_WARN_NON_LITERAL_NULL_CONVERSION = YES;
				CLANG_WARN_OBJC_IMPLICIT_RETAIN_SELF = YES;
				CLANG_WARN_OBJC_LITERAL_CONVERSION = YES;
				CLANG_WARN_OBJC_ROOT_CLASS = YES_ERROR;
				CLANG_WARN_QUOTED_INCLUDE_IN_FRAMEWORK_HEADER = YES;
				CLANG_WARN_RANGE_LOOP_ANALYSIS = YES;
				CLANG_WARN_STRICT_PROTOTYPES = YES;
				CLANG_WARN_SUSPICIOUS_MOVE = YES;
				CLANG_WARN_UNGUARDED_AVAILABILITY = YES_AGGRESSIVE;
				CLANG_WARN_UNREACHABLE_CODE = YES;
				CLANG_WARN__DUPLICATE_METHOD_MATCH = YES;
				COPY_PHASE_STRIP = NO;
				DEBUG_INFORMATION_FORMAT = "dwarf-with-dsym";
				ENABLE_NS_ASSERTIONS = NO;
				ENABLE_STRICT_OBJC_MSGSEND = YES;
				GCC_C_LANGUAGE_STANDARD = gnu11;
				GCC_NO_COMMON_BLOCKS = YES;
				GCC_WARN_64_TO_32_BIT_CONVERSION = YES;
				GCC_WARN_ABOUT_RETURN_TYPE = YES_ERROR;
				GCC_WARN_UNDECLARED_SELECTOR = YES;
				GCC_WARN_UNINITIALIZED_AUTOS = YES_AGGRESSIVE;
				GCC_WARN_UNUSED_FUNCTION = YES;
				GCC_WARN_UNUSED_VARIABLE = YES;
				IPHONEOS_DEPLOYMENT_TARGET = 14.5;
				MTL_ENABLE_DEBUG_INFO = NO;
				MTL_FAST_MATH = YES;
				SDKROOT = iphoneos;
				SWIFT_COMPILATION_MODE = wholemodule;
				SWIFT_OPTIMIZATION_LEVEL = "-O";
				VALIDATE_PRODUCT = YES;
			};
			name = Release;
		};
		9991268826604C4300B36C75 /* Debug */ = {
			isa = XCBuildConfiguration;
			buildSettings = {
				ASSETCATALOG_COMPILER_APPICON_NAME = AppIcon;
				ASSETCATALOG_COMPILER_GLOBAL_ACCENT_COLOR_NAME = AccentColor;
				CODE_SIGN_STYLE = Automatic;
				DEVELOPMENT_TEAM = 8QS6PBHYYD;
				INFOPLIST_FILE = Swift_Pensamentos/Info.plist;
				IPHONEOS_DEPLOYMENT_TARGET = 10.0;
				LD_RUNPATH_SEARCH_PATHS = (
					"$(inherited)",
					"@executable_path/Frameworks",
				);
				PRODUCT_BUNDLE_IDENTIFIER = "com.swift.pensamentos.diogenes.udemy.Swift-Pensamentos";
				PRODUCT_NAME = "$(TARGET_NAME)";
				SWIFT_VERSION = 5.0;
				TARGETED_DEVICE_FAMILY = 1;
			};
			name = Debug;
		};
		9991268926604C4300B36C75 /* Release */ = {
			isa = XCBuildConfiguration;
			buildSettings = {
				ASSETCATALOG_COMPILER_APPICON_NAME = AppIcon;
				ASSETCATALOG_COMPILER_GLOBAL_ACCENT_COLOR_NAME = AccentColor;
				CODE_SIGN_STYLE = Automatic;
				DEVELOPMENT_TEAM = 8QS6PBHYYD;
				INFOPLIST_FILE = Swift_Pensamentos/Info.plist;
				IPHONEOS_DEPLOYMENT_TARGET = 10.0;
				LD_RUNPATH_SEARCH_PATHS = (
					"$(inherited)",
					"@executable_path/Frameworks",
				);
				PRODUCT_BUNDLE_IDENTIFIER = "com.swift.pensamentos.diogenes.udemy.Swift-Pensamentos";
				PRODUCT_NAME = "$(TARGET_NAME)";
				SWIFT_VERSION = 5.0;
				TARGETED_DEVICE_FAMILY = 1;
			};
			name = Release;
		};
		9991268B26604C4300B36C75 /* Debug */ = {
			isa = XCBuildConfiguration;
			buildSettings = {
				ALWAYS_EMBED_SWIFT_STANDARD_LIBRARIES = YES;
				BUNDLE_LOADER = "$(TEST_HOST)";
				CODE_SIGN_STYLE = Automatic;
				DEVELOPMENT_TEAM = 8QS6PBHYYD;
				INFOPLIST_FILE = Swift_PensamentosTests/Info.plist;
				IPHONEOS_DEPLOYMENT_TARGET = 14.5;
				LD_RUNPATH_SEARCH_PATHS = (
					"$(inherited)",
					"@executable_path/Frameworks",
					"@loader_path/Frameworks",
				);
				PRODUCT_BUNDLE_IDENTIFIER = "com.swift.pensamentos.diogenes.udemy.Swift-PensamentosTests";
				PRODUCT_NAME = "$(TARGET_NAME)";
				SWIFT_VERSION = 5.0;
				TARGETED_DEVICE_FAMILY = "1,2";
				TEST_HOST = "$(BUILT_PRODUCTS_DIR)/Swift_Pensamentos.app/Swift_Pensamentos";
			};
			name = Debug;
		};
		9991268C26604C4300B36C75 /* Release */ = {
			isa = XCBuildConfiguration;
			buildSettings = {
				ALWAYS_EMBED_SWIFT_STANDARD_LIBRARIES = YES;
				BUNDLE_LOADER = "$(TEST_HOST)";
				CODE_SIGN_STYLE = Automatic;
				DEVELOPMENT_TEAM = 8QS6PBHYYD;
				INFOPLIST_FILE = Swift_PensamentosTests/Info.plist;
				IPHONEOS_DEPLOYMENT_TARGET = 14.5;
				LD_RUNPATH_SEARCH_PATHS = (
					"$(inherited)",
					"@executable_path/Frameworks",
					"@loader_path/Frameworks",
				);
				PRODUCT_BUNDLE_IDENTIFIER = "com.swift.pensamentos.diogenes.udemy.Swift-PensamentosTests";
				PRODUCT_NAME = "$(TARGET_NAME)";
				SWIFT_VERSION = 5.0;
				TARGETED_DEVICE_FAMILY = "1,2";
				TEST_HOST = "$(BUILT_PRODUCTS_DIR)/Swift_Pensamentos.app/Swift_Pensamentos";
			};
			name = Release;
		};
		9991268E26604C4300B36C75 /* Debug */ = {
			isa = XCBuildConfiguration;
			buildSettings = {
				ALWAYS_EMBED_SWIFT_STANDARD_LIBRARIES = YES;
				CODE_SIGN_STYLE = Automatic;
				DEVELOPMENT_TEAM = 8QS6PBHYYD;
				INFOPLIST_FILE = Swift_PensamentosUITests/Info.plist;
				LD_RUNPATH_SEARCH_PATHS = (
					"$(inherited)",
					"@executable_path/Frameworks",
					"@loader_path/Frameworks",
				);
				PRODUCT_BUNDLE_IDENTIFIER = "com.swift.pensamentos.diogenes.udemy.Swift-PensamentosUITests";
				PRODUCT_NAME = "$(TARGET_NAME)";
				SWIFT_VERSION = 5.0;
				TARGETED_DEVICE_FAMILY = "1,2";
				TEST_TARGET_NAME = Swift_Pensamentos;
			};
			name = Debug;
		};
		9991268F26604C4300B36C75 /* Release */ = {
			isa = XCBuildConfiguration;
			buildSettings = {
				ALWAYS_EMBED_SWIFT_STANDARD_LIBRARIES = YES;
				CODE_SIGN_STYLE = Automatic;
				DEVELOPMENT_TEAM = 8QS6PBHYYD;
				INFOPLIST_FILE = Swift_PensamentosUITests/Info.plist;
				LD_RUNPATH_SEARCH_PATHS = (
					"$(inherited)",
					"@executable_path/Frameworks",
					"@loader_path/Frameworks",
				);
				PRODUCT_BUNDLE_IDENTIFIER = "com.swift.pensamentos.diogenes.udemy.Swift-PensamentosUITests";
				PRODUCT_NAME = "$(TARGET_NAME)";
				SWIFT_VERSION = 5.0;
				TARGETED_DEVICE_FAMILY = "1,2";
				TEST_TARGET_NAME = Swift_Pensamentos;
			};
			name = Release;
		};
/* End XCBuildConfiguration section */

/* Begin XCConfigurationList section */
		9991265826604C4000B36C75 /* Build configuration list for PBXProject "Swift_Pensamentos" */ = {
			isa = XCConfigurationList;
			buildConfigurations = (
				9991268526604C4300B36C75 /* Debug */,
				9991268626604C4300B36C75 /* Release */,
			);
			defaultConfigurationIsVisible = 0;
			defaultConfigurationName = Release;
		};
		9991268726604C4300B36C75 /* Build configuration list for PBXNativeTarget "Swift_Pensamentos" */ = {
			isa = XCConfigurationList;
			buildConfigurations = (
				9991268826604C4300B36C75 /* Debug */,
				9991268926604C4300B36C75 /* Release */,
			);
			defaultConfigurationIsVisible = 0;
			defaultConfigurationName = Release;
		};
		9991268A26604C4300B36C75 /* Build configuration list for PBXNativeTarget "Swift_PensamentosTests" */ = {
			isa = XCConfigurationList;
			buildConfigurations = (
				9991268B26604C4300B36C75 /* Debug */,
				9991268C26604C4300B36C75 /* Release */,
			);
			defaultConfigurationIsVisible = 0;
			defaultConfigurationName = Release;
		};
		9991268D26604C4300B36C75 /* Build configuration list for PBXNativeTarget "Swift_PensamentosUITests" */ = {
			isa = XCConfigurationList;
			buildConfigurations = (
				9991268E26604C4300B36C75 /* Debug */,
				9991268F26604C4300B36C75 /* Release */,
			);
			defaultConfigurationIsVisible = 0;
			defaultConfigurationName = Release;
		};
/* End XCConfigurationList section */
	};
	rootObject = 9991265526604C4000B36C75 /* Project object */;
}
